
Microsoft Visual Studio Solution File, Format Version 12.00
# Visual Studio Version 16
VisualStudioVersion = 16.0.30204.135
MinimumVisualStudioVersion = 10.0.40219.1
Project("{FAE04EC0-301F-11D3-BF4B-00C04F79EFBC}") = "XamaSqlLite.Android", "XamaSqlLite\XamaSqlLite.Android\XamaSqlLite.Android.csproj", "{07238D6B-47B8-4D31-9688-28E3A637392E}"
EndProject
Project("{FAE04EC0-301F-11D3-BF4B-00C04F79EFBC}") = "XamaSqlLite.iOS", "XamaSqlLite\XamaSqlLite.iOS\XamaSqlLite.iOS.csproj", "{C49206D4-17FF-443F-A795-8FAB1239367A}"
EndProject
Project("{FAE04EC0-301F-11D3-BF4B-00C04F79EFBC}") = "XamaSqlLite", "XamaSqlLite\XamaSqlLite\XamaSqlLite.csproj", "{85310619-305F-448D-91F4-567C07960C45}"
EndProject
Global
	GlobalSection(SolutionConfigurationPlatforms) = preSolution
		Debug|Any CPU = Debug|Any CPU
		Debug|iPhone = Debug|iPhone
		Debug|iPhoneSimulator = Debug|iPhoneSimulator
		Release|Any CPU = Release|Any CPU
		Release|iPhone = Release|iPhone
		Release|iPhoneSimulator = Release|iPhoneSimulator
	EndGlobalSection
	GlobalSection(ProjectConfigurationPlatforms) = postSolution
		{07238D6B-47B8-4D31-9688-28E3A637392E}.Debug|Any CPU.ActiveCfg = Debug|Any CPU
		{07238D6B-47B8-4D31-9688-28E3A637392E}.Debug|Any CPU.Build.0 = Debug|Any CPU
		{07238D6B-47B8-4D31-9688-28E3A637392E}.Debug|Any CPU.Deploy.0 = Debug|Any CPU
		{07238D6B-47B8-4D31-9688-28E3A637392E}.Debug|iPhone.ActiveCfg = Debug|Any CPU
		{07238D6B-47B8-4D31-9688-28E3A637392E}.Debug|iPhone.Build.0 = Debug|Any CPU
		{07238D6B-47B8-4D31-9688-28E3A637392E}.Debug|iPhone.Deploy.0 = Debug|Any CPU
		{07238D6B-47B8-4D31-9688-28E3A637392E}.Debug|iPhoneSimulator.ActiveCfg = Debug|Any CPU
		{07238D6B-47B8-4D31-9688-28E3A637392E}.Debug|iPhoneSimulator.Build.0 = Debug|Any CPU
		{07238D6B-47B8-4D31-9688-28E3A637392E}.Debug|iPhoneSimulator.Deploy.0 = Debug|Any CPU
		{07238D6B-47B8-4D31-9688-28E3A637392E}.Release|Any CPU.ActiveCfg = Release|Any CPU
		{07238D6B-47B8-4D31-9688-28E3A637392E}.Release|Any CPU.Build.0 = Release|Any CPU
		{07238D6B-47B8-4D31-9688-28E3A637392E}.Release|Any CPU.Deploy.0 = Release|Any CPU
		{07238D6B-47B8-4D31-9688-28E3A637392E}.Release|iPhone.ActiveCfg = Release|Any CPU
		{07238D6B-47B8-4D31-9688-28E3A637392E}.Release|iPhone.Build.0 = Release|Any CPU
		{07238D6B-47B8-4D31-9688-28E3A637392E}.Release|iPhone.Deploy.0 = Release|Any CPU
		{07238D6B-47B8-4D31-9688-28E3A637392E}.Release|iPhoneSimulator.ActiveCfg = Release|Any CPU
		{07238D6B-47B8-4D31-9688-28E3A637392E}.Release|iPhoneSimulator.Build.0 = Release|Any CPU
		{07238D6B-47B8-4D31-9688-28E3A637392E}.Release|iPhoneSimulator.Deploy.0 = Release|Any CPU
		{C49206D4-17FF-443F-A795-8FAB1239367A}.Debug|Any CPU.ActiveCfg = Debug|iPhone
		{C49206D4-17FF-443F-A795-8FAB1239367A}.Debug|Any CPU.Build.0 = Debug|iPhone
		{C49206D4-17FF-443F-A795-8FAB1239367A}.Debug|Any CPU.Deploy.0 = Debug|iPhone
		{C49206D4-17FF-443F-A795-8FAB1239367A}.Debug|iPhone.ActiveCfg = Debug|iPhone
		{C49206D4-17FF-443F-A795-8FAB1239367A}.Debug|iPhone.Build.0 = Debug|iPhone
		{C49206D4-17FF-443F-A795-8FAB1239367A}.Debug|iPhone.Deploy.0 = Debug|iPhone
		{C49206D4-17FF-443F-A795-8FAB1239367A}.Debug|iPhoneSimulator.ActiveCfg = Debug|iPhoneSimulator
		{C49206D4-17FF-443F-A795-8FAB1239367A}.Debug|iPhoneSimulator.Build.0 = Debug|iPhoneSimulator
		{C49206D4-17FF-443F-A795-8FAB1239367A}.Debug|iPhoneSimulator.Deploy.0 = Debug|iPhoneSimulator
		{C49206D4-17FF-443F-A795-8FAB1239367A}.Release|Any CPU.ActiveCfg = Release|iPhone
		{C49206D4-17FF-443F-A795-8FAB1239367A}.Release|Any CPU.Build.0 = Release|iPhone
		{C49206D4-17FF-443F-A795-8FAB1239367A}.Release|Any CPU.Deploy.0 = Release|iPhone
		{C49206D4-17FF-443F-A795-8FAB1239367A}.Release|iPhone.ActiveCfg = Release|iPhone
		{C49206D4-17FF-443F-A795-8FAB1239367A}.Release|iPhone.Build.0 = Release|iPhone
		{C49206D4-17FF-443F-A795-8FAB1239367A}.Release|iPhone.Deploy.0 = Release|iPhone
		{C49206D4-17FF-443F-A795-8FAB1239367A}.Release|iPhoneSimulator.ActiveCfg = Release|iPhoneSimulator
		{C49206D4-17FF-443F-A795-8FAB1239367A}.Release|iPhoneSimulator.Build.0 = Release|iPhoneSimulator
		{C49206D4-17FF-443F-A795-8FAB1239367A}.Release|iPhoneSimulator.Deploy.0 = Release|iPhoneSimulator
		{85310619-305F-448D-91F4-567C07960C45}.Debug|Any CPU.ActiveCfg = Debug|Any CPU
		{85310619-305F-448D-91F4-567C07960C45}.Debug|Any CPU.Build.0 = Debug|Any CPU
		{85310619-305F-448D-91F4-567C07960C45}.Debug|Any CPU.Deploy.0 = Debug|Any CPU
		{85310619-305F-448D-91F4-567C07960C45}.Debug|iPhone.ActiveCfg = Debug|Any CPU
		{85310619-305F-448D-91F4-567C07960C45}.Debug|iPhone.Build.0 = Debug|Any CPU
		{85310619-305F-448D-91F4-567C07960C45}.Debug|iPhone.Deploy.0 = Debug|Any CPU
		{85310619-305F-448D-91F4-567C07960C45}.Debug|iPhoneSimulator.ActiveCfg = Debug|Any CPU
		{85310619-305F-448D-91F4-567C07960C45}.Debug|iPhoneSimulator.Build.0 = Debug|Any CPU
		{85310619-305F-448D-91F4-567C07960C45}.Debug|iPhoneSimulator.Deploy.0 = Debug|Any CPU
		{85310619-305F-448D-91F4-567C07960C45}.Release|Any CPU.ActiveCfg = Release|Any CPU
		{85310619-305F-448D-91F4-567C07960C45}.Release|Any CPU.Build.0 = Release|Any CPU
		{85310619-305F-448D-91F4-567C07960C45}.Release|Any CPU.Deploy.0 = Release|Any CPU
		{85310619-305F-448D-91F4-567C07960C45}.Release|iPhone.ActiveCfg = Release|Any CPU
		{85310619-305F-448D-91F4-567C07960C45}.Release|iPhone.Build.0 = Release|Any CPU
		{85310619-305F-448D-91F4-567C07960C45}.Release|iPhone.Deploy.0 = Release|Any CPU
		{85310619-305F-448D-91F4-567C07960C45}.Release|iPhoneSimulator.ActiveCfg = Release|Any CPU
		{85310619-305F-448D-91F4-567C07960C45}.Release|iPhoneSimulator.Build.0 = Release|Any CPU
		{85310619-305F-448D-91F4-567C07960C45}.Release|iPhoneSimulator.Deploy.0 = Release|Any CPU
	EndGlobalSection
	GlobalSection(SolutionProperties) = preSolution
		HideSolutionNode = FALSE
	EndGlobalSection
	GlobalSection(ExtensibilityGlobals) = postSolution
		SolutionGuid = {1DD817CB-AA4C-4FC0-B803-10491A6F57A4}
	EndGlobalSection
EndGlobal
